{
  "name": "JS",
  "version": "1.0.0",
  "lockfileVersion": 3,
  "requires": true,
  "packages": {
    "": {
      "name": "JS",
      "version": "1.0.0",
      "license": "ISC",
      "dependencies": {
        "easy-json-database": "^1.5.1",
        "readline-sync": "^1.4.10"
      }
    },
    "node_modules/easy-json-database": {
      "version": "1.5.1",
      "resolved": "https://registry.npmjs.org/easy-json-database/-/easy-json-database-1.5.1.tgz",
      "integrity": "sha512-6w+DUmOPT6l+jhq8pxyjlDYtYpl8Ni80sNcESiu4TjzL8YB75s65dBk1j+XP4RbRRZn3z0U4/seWoDRQC+GRLA=="
    },
    "node_modules/readline-sync": {
      "version": "1.4.10",
      "resolved": "https://registry.npmjs.org/readline-sync/-/readline-sync-1.4.10.tgz",
      "integrity": "sha512-gNva8/6UAe8QYepIQH/jQ2qn91Qj0B9sYjMBBs3QOB8F2CXcKgLxQaJRP76sWVRQt+QU+8fAkCbCvjjMFu7Ycw==",
      "engines": {
        "node": ">= 0.8.0"
      }
    }
  }
}
